{
  "object": {
    "pins": [
      {
        "package": "ActivityIndicatorView",
        "repositoryURL": "https://github.com/exyte/ActivityIndicatorView.git",
        "state": {
          "branch": null,
          "revision": "0fb57e69b6130b4beb8ba49eaafe13563f2f6bd6",
          "version": "1.1.0"
        }
      }
    ]
  },
  "version": 1
}
